<!doctype html>
<html lang="en" class="scroll-smooth">
  <head>
    <meta charset="UTF-8" />
    <meta name="viewport" content="width=device-width, initial-scale=1.0" />
    <title>TARLA NOEL NGE — Software Designer • Photographer • Videographer • Business Management</title>
    
    <!-- Google Fonts -->
    <link rel="preconnect" href="https://fonts.googleapis.com">
    <link rel="preconnect" href="https://fonts.gstatic.com" crossorigin>
    <link href="https://fonts.googleapis.com/css2?family=Plus+Jakarta+Sans:ital,wght@0,300;0,400;0,500;0,600;0,700;0,800;1,400&family=Syne:wght@700;800&display=swap" rel="stylesheet">
    
    <!-- Meta tags for professional search presence -->
    <meta name="description" content="Portfolio of Tarla Noel Nge — A multi-disciplinary professional bridging software design, photography, videography, and strategic business management." />
    <meta name="keywords" content="Tarla Noel Nge, Software Designer, Photographer, Videographer, Business Management, Cameroon Developer, Tech Media Professional" />
  </head>
  <body class="bg-zinc-950 text-zinc-100 antialiased selection:bg-amber-400 selection:text-zinc-900 font-sans">
    <div id="root"></div>
    <script type="module" src="/src/main.tsx"></script>
  </body>
</html>
